// !$*UTF8*$!
{
	archiveVersion = 1;
	classes = {
	};
	objectVersion = 56;
	objects = {

/* Begin PBXBuildFile section */
		FC1439762B906C4B006467D7 /* AppDelegate.swift in Sources */ = {isa = PBXBuildFile; fileRef = FC1439752B906C4B006467D7 /* AppDelegate.swift */; };
		FC1439782B906C4B006467D7 /* SceneDelegate.swift in Sources */ = {isa = PBXBuildFile; fileRef = FC1439772B906C4B006467D7 /* SceneDelegate.swift */; };
		FC14397A2B906C4B006467D7 /* ViewController.swift in Sources */ = {isa = PBXBuildFile; fileRef = FC1439792B906C4B006467D7 /* ViewController.swift */; };
		FC14397F2B906C4C006467D7 /* Assets.xcassets in Resources */ = {isa = PBXBuildFile; fileRef = FC14397E2B906C4C006467D7 /* Assets.xcassets */; };
		FC1439822B906C4C006467D7 /* LaunchScreen.storyboard in Resources */ = {isa = PBXBuildFile; fileRef = FC1439802B906C4C006467D7 /* LaunchScreen.storyboard */; };
		FC14398B2B90706E006467D7 /* SnapKit in Frameworks */ = {isa = PBXBuildFile; productRef = FC14398A2B90706E006467D7 /* SnapKit */; };
		FC14398D2B90706E006467D7 /* SnapKit-Dynamic in Frameworks */ = {isa = PBXBuildFile; productRef = FC14398C2B90706E006467D7 /* SnapKit-Dynamic */; };
		FC14398F2B907691006467D7 /* DetailsViewController.swift in Sources */ = {isa = PBXBuildFile; fileRef = FC14398E2B907691006467D7 /* DetailsViewController.swift */; };
		FC1439912B90839B006467D7 /* InstructionsViewController.swift in Sources */ = {isa = PBXBuildFile; fileRef = FC1439902B90839B006467D7 /* InstructionsViewController.swift */; };
		FC1439952B90A061006467D7 /* Localizable.strings in Resources */ = {isa = PBXBuildFile; fileRef = FC1439972B90A061006467D7 /* Localizable.strings */; };
/* End PBXBuildFile section */

/* Begin PBXFileReference section */
		FC1439722B906C4B006467D7 /* HRApp.app */ = {isa = PBXFileReference; explicitFileType = wrapper.application; includeInIndex = 0; path = HRApp.app; sourceTree = BUILT_PRODUCTS_DIR; };
		FC1439752B906C4B006467D7 /* AppDelegate.swift */ = {isa = PBXFileReference; lastKnownFileType = sourcecode.swift; path = AppDelegate.swift; sourceTree = "<group>"; };
		FC1439772B906C4B006467D7 /* SceneDelegate.swift */ = {isa = PBXFileReference; lastKnownFileType = sourcecode.swift; path = SceneDelegate.swift; sourceTree = "<group>"; };
		FC1439792B906C4B006467D7 /* ViewController.swift */ = {isa = PBXFileReference; lastKnownFileType = sourcecode.swift; path = ViewController.swift; sourceTree = "<group>"; };
		FC14397E2B906C4C006467D7 /* Assets.xcassets */ = {isa = PBXFileReference; lastKnownFileType = folder.assetcatalog; path = Assets.xcassets; sourceTree = "<group>"; };
		FC1439812B906C4C006467D7 /* Base */ = {isa = PBXFileReference; lastKnownFileType = file.storyboard; name = Base; path = Base.lproj/LaunchScreen.storyboard; sourceTree = "<group>"; };
		FC1439832B906C4C006467D7 /* Info.plist */ = {isa = PBXFileReference; lastKnownFileType = text.plist.xml; path = Info.plist; sourceTree = "<group>"; };
		FC14398E2B907691006467D7 /* DetailsViewController.swift */ = {isa = PBXFileReference; lastKnownFileType = sourcecode.swift; path = DetailsViewController.swift; sourceTree = "<group>"; };
		FC1439902B90839B006467D7 /* InstructionsViewController.swift */ = {isa = PBXFileReference; lastKnownFileType = sourcecode.swift; path = InstructionsViewController.swift; sourceTree = "<group>"; };
		FC1439922B909E8A006467D7 /* ar */ = {isa = PBXFileReference; lastKnownFileType = text.plist.strings; name = ar; path = ar.lproj/LaunchScreen.strings; sourceTree = "<group>"; };
		FC1439962B90A061006467D7 /* ar */ = {isa = PBXFileReference; lastKnownFileType = text.plist.strings; name = ar; path = ar.lproj/Localizable.strings; sourceTree = "<group>"; };
/* End PBXFileReference section */

/* Begin PBXFrameworksBuildPhase section */
		FC14396F2B906C4B006467D7 /* Frameworks */ = {
			isa = PBXFrameworksBuildPhase;
			buildActionMask = 2147483647;
			files = (
				FC14398B2B90706E006467D7 /* SnapKit in Frameworks */,
				FC14398D2B90706E006467D7 /* SnapKit-Dynamic in Frameworks */,
			);
			runOnlyForDeploymentPostprocessing = 0;
		};
/* End PBXFrameworksBuildPhase section */

/* Begin PBXGroup section */
		FC1439692B906C4B006467D7 = {
			isa = PBXGroup;
			children = (
				FC1439972B90A061006467D7 /* Localizable.strings */,
				FC1439742B906C4B006467D7 /* HRApp */,
				FC1439732B906C4B006467D7 /* Products */,
			);
			sourceTree = "<group>";
		};
		FC1439732B906C4B006467D7 /* Products */ = {
			isa = PBXGroup;
			children = (
				FC1439722B906C4B006467D7 /* HRApp.app */,
			);
			name = Products;
			sourceTree = "<group>";
		};
		FC1439742B906C4B006467D7 /* HRApp */ = {
			isa = PBXGroup;
			children = (
				FC1439752B906C4B006467D7 /* AppDelegate.swift */,
				FC1439772B906C4B006467D7 /* SceneDelegate.swift */,
				FC1439792B906C4B006467D7 /* ViewController.swift */,
				FC14398E2B907691006467D7 /* DetailsViewController.swift */,
				FC1439902B90839B006467D7 /* InstructionsViewController.swift */,
				FC14397E2B906C4C006467D7 /* Assets.xcassets */,
				FC1439802B906C4C006467D7 /* LaunchScreen.storyboard */,
				FC1439832B906C4C006467D7 /* Info.plist */,
			);
			path = HRApp;
			sourceTree = "<group>";
		};
/* End PBXGroup section */

/* Begin PBXNativeTarget section */
		FC1439712B906C4B006467D7 /* HRApp */ = {
			isa = PBXNativeTarget;
			buildConfigurationList = FC1439862B906C4C006467D7 /* Build configuration list for PBXNativeTarget "HRApp" */;
			buildPhases = (
				FC14396E2B906C4B006467D7 /* Sources */,
				FC14396F2B906C4B006467D7 /* Frameworks */,
				FC1439702B906C4B006467D7 /* Resources */,
			);
			buildRules = (
			);
			dependencies = (
			);
			name = HRApp;
			packageProductDependencies = (
				FC14398A2B90706E006467D7 /* SnapKit */,
				FC14398C2B90706E006467D7 /* SnapKit-Dynamic */,
			);
			productName = HRApp;
			productReference = FC1439722B906C4B006467D7 /* HRApp.app */;
			productType = "com.apple.product-type.application";
		};
/* End PBXNativeTarget section */

/* Begin PBXProject section */
		FC14396A2B906C4B006467D7 /* Project object */ = {
			isa = PBXProject;
			attributes = {
				BuildIndependentTargetsInParallel = 1;
				LastSwiftUpdateCheck = 1520;
				LastUpgradeCheck = 1520;
				TargetAttributes = {
					FC1439712B906C4B006467D7 = {
						CreatedOnToolsVersion = 15.2;
					};
				};
			};
			buildConfigurationList = FC14396D2B906C4B006467D7 /* Build configuration list for PBXProject "HRApp" */;
			compatibilityVersion = "Xcode 14.0";
			developmentRegion = en;
			hasScannedForEncodings = 0;
			knownRegions = (
				en,
				Base,
				ar,
			);
			mainGroup = FC1439692B906C4B006467D7;
			packageReferences = (
				FC1439892B90706E006467D7 /* XCRemoteSwiftPackageReference "SnapKit" */,
			);
			productRefGroup = FC1439732B906C4B006467D7 /* Products */;
			projectDirPath = "";
			projectRoot = "";
			targets = (
				FC1439712B906C4B006467D7 /* HRApp */,
			);
		};
/* End PBXProject section */

/* Begin PBXResourcesBuildPhase section */
		FC1439702B906C4B006467D7 /* Resources */ = {
			isa = PBXResourcesBuildPhase;
			buildActionMask = 2147483647;
			files = (
				FC1439822B906C4C006467D7 /* LaunchScreen.storyboard in Resources */,
				FC1439952B90A061006467D7 /* Localizable.strings in Resources */,
				FC14397F2B906C4C006467D7 /* Assets.xcassets in Resources */,
			);
			runOnlyForDeploymentPostprocessing = 0;
		};
/* End PBXResourcesBuildPhase section */

/* Begin PBXSourcesBuildPhase section */
		FC14396E2B906C4B006467D7 /* Sources */ = {
			isa = PBXSourcesBuildPhase;
			buildActionMask = 2147483647;
			files = (
				FC14397A2B906C4B006467D7 /* ViewController.swift in Sources */,
				FC1439762B906C4B006467D7 /* AppDelegate.swift in Sources */,
				FC1439782B906C4B006467D7 /* SceneDelegate.swift in Sources */,
				FC14398F2B907691006467D7 /* DetailsViewController.swift in Sources */,
				FC1439912B90839B006467D7 /* InstructionsViewController.swift in Sources */,
			);
			runOnlyForDeploymentPostprocessing = 0;
		};
/* End PBXSourcesBuildPhase section */

/* Begin PBXVariantGroup section */
		FC1439802B906C4C006467D7 /* LaunchScreen.storyboard */ = {
			isa = PBXVariantGroup;
			children = (
				FC1439812B906C4C006467D7 /* Base */,
				FC1439922B909E8A006467D7 /* ar */,
			);
			name = LaunchScreen.storyboard;
			sourceTree = "<group>";
		};
		FC1439972B90A061006467D7 /* Localizable.strings */ = {
			isa = PBXVariantGroup;
			children = (
				FC1439962B90A061006467D7 /* ar */,
			);
			name = Localizable.strings;
			sourceTree = "<group>";
		};
/* End PBXVariantGroup section */

/* Begin XCBuildConfiguration section */
		FC1439842B906C4C006467D7 /* Debug */ = {
			isa = XCBuildConfiguration;
			buildSettings = {
				ALWAYS_SEARCH_USER_PATHS = NO;
				ASSETCATALOG_COMPILER_GENERATE_SWIFT_ASSET_SYMBOL_EXTENSIONS = YES;
				CLANG_ANALYZER_LOCALIZABILITY_NONLOCALIZED = YES;
				CLANG_ANALYZER_NONNULL = YES;
				CLANG_ANALYZER_NUMBER_OBJECT_CONVERSION = YES_AGGRESSIVE;
				CLANG_CXX_LANGUAGE_STANDARD = "gnu++20";
				CLANG_ENABLE_MODULES = YES;
				CLANG_ENABLE_OBJC_ARC = YES;
				CLANG_ENABLE_OBJC_WEAK = YES;
				CLANG_WARN_BLOCK_CAPTURE_AUTORELEASING = YES;
				CLANG_WARN_BOOL_CONVERSION = YES;
				CLANG_WARN_COMMA = YES;
				CLANG_WARN_CONSTANT_CONVERSION = YES;
				CLANG_WARN_DEPRECATED_OBJC_IMPLEMENTATIONS = YES;
				CLANG_WARN_DIRECT_OBJC_ISA_USAGE = YES_ERROR;
				CLANG_WARN_DOCUMENTATION_COMMENTS = YES;
				CLANG_WARN_EMPTY_BODY = YES;
				CLANG_WARN_ENUM_CONVERSION = YES;
				CLANG_WARN_INFINITE_RECURSION = YES;
				CLANG_WARN_INT_CONVERSION = YES;
				CLANG_WARN_NON_LITERAL_NULL_CONVERSION = YES;
				CLANG_WARN_OBJC_IMPLICIT_RETAIN_SELF = YES;
				CLANG_WARN_OBJC_LITERAL_CONVERSION = YES;
				CLANG_WARN_OBJC_ROOT_CLASS = YES_ERROR;
				CLANG_WARN_QUOTED_INCLUDE_IN_FRAMEWORK_HEADER = YES;
				CLANG_WARN_RANGE_LOOP_ANALYSIS = YES;
				CLANG_WARN_STRICT_PROTOTYPES = YES;
				CLANG_WARN_SUSPICIOUS_MOVE = YES;
				CLANG_WARN_UNGUARDED_AVAILABILITY = YES_AGGRESSIVE;
				CLANG_WARN_UNREACHABLE_CODE = YES;
				CLANG_WARN__DUPLICATE_METHOD_MATCH = YES;
				COPY_PHASE_STRIP = NO;
				DEBUG_INFORMATION_FORMAT = dwarf;
				ENABLE_STRICT_OBJC_MSGSEND = YES;
				ENABLE_TESTABILITY = YES;
				ENABLE_USER_SCRIPT_SANDBOXING = YES;
				GCC_C_LANGUAGE_STANDARD = gnu17;
				GCC_DYNAMIC_NO_PIC = NO;
				GCC_NO_COMMON_BLOCKS = YES;
				GCC_OPTIMIZATION_LEVEL = 0;
				GCC_PREPROCESSOR_DEFINITIONS = (
					"DEBUG=1",
					"$(inherited)",
				);
				GCC_WARN_64_TO_32_BIT_CONVERSION = YES;
				GCC_WARN_ABOUT_RETURN_TYPE = YES_ERROR;
				GCC_WARN_UNDECLARED_SELECTOR = YES;
				GCC_WARN_UNINITIALIZED_AUTOS = YES_AGGRESSIVE;
				GCC_WARN_UNUSED_FUNCTION = YES;
				GCC_WARN_UNUSED_VARIABLE = YES;
				IPHONEOS_DEPLOYMENT_TARGET = 17.2;
				LOCALIZATION_PREFERS_STRING_CATALOGS = YES;
				MTL_ENABLE_DEBUG_INFO = INCLUDE_SOURCE;
				MTL_FAST_MATH = YES;
				ONLY_ACTIVE_ARCH = YES;
				SDKROOT = iphoneos;
				SWIFT_ACTIVE_COMPILATION_CONDITIONS = "DEBUG $(inherited)";
				SWIFT_OPTIMIZATION_LEVEL = "-Onone";
			};
			name = Debug;
		};
		FC1439852B906C4C006467D7 /* Release */ = {
			isa = XCBuildConfiguration;
			buildSettings = {
				ALWAYS_SEARCH_USER_PATHS = NO;
				ASSETCATALOG_COMPILER_GENERATE_SWIFT_ASSET_SYMBOL_EXTENSIONS = YES;
				CLANG_ANALYZER_LOCALIZABILITY_NONLOCALIZED = YES;
				CLANG_ANALYZER_NONNULL = YES;
				CLANG_ANALYZER_NUMBER_OBJECT_CONVERSION = YES_AGGRESSIVE;
				CLANG_CXX_LANGUAGE_STANDARD = "gnu++20";
				CLANG_ENABLE_MODULES = YES;
				CLANG_ENABLE_OBJC_ARC = YES;
				CLANG_ENABLE_OBJC_WEAK = YES;
				CLANG_WARN_BLOCK_CAPTURE_AUTORELEASING = YES;
				CLANG_WARN_BOOL_CONVERSION = YES;
				CLANG_WARN_COMMA = YES;
				CLANG_WARN_CONSTANT_CONVERSION = YES;
				CLANG_WARN_DEPRECATED_OBJC_IMPLEMENTATIONS = YES;
				CLANG_WARN_DIRECT_OBJC_ISA_USAGE = YES_ERROR;
				CLANG_WARN_DOCUMENTATION_COMMENTS = YES;
				CLANG_WARN_EMPTY_BODY = YES;
				CLANG_WARN_ENUM_CONVERSION = YES;
				CLANG_WARN_INFINITE_RECURSION = YES;
				CLANG_WARN_INT_CONVERSION = YES;
				CLANG_WARN_NON_LITERAL_NULL_CONVERSION = YES;
				CLANG_WARN_OBJC_IMPLICIT_RETAIN_SELF = YES;
				CLANG_WARN_OBJC_LITERAL_CONVERSION = YES;
				CLANG_WARN_OBJC_ROOT_CLASS = YES_ERROR;
				CLANG_WARN_QUOTED_INCLUDE_IN_FRAMEWORK_HEADER = YES;
				CLANG_WARN_RANGE_LOOP_ANALYSIS = YES;
				CLANG_WARN_STRICT_PROTOTYPES = YES;
				CLANG_WARN_SUSPICIOUS_MOVE = YES;
				CLANG_WARN_UNGUARDED_AVAILABILITY = YES_AGGRESSIVE;
				CLANG_WARN_UNREACHABLE_CODE = YES;
				CLANG_WARN__DUPLICATE_METHOD_MATCH = YES;
				COPY_PHASE_STRIP = NO;
				DEBUG_INFORMATION_FORMAT = "dwarf-with-dsym";
				ENABLE_NS_ASSERTIONS = NO;
				ENABLE_STRICT_OBJC_MSGSEND = YES;
				ENABLE_USER_SCRIPT_SANDBOXING = YES;
				GCC_C_LANGUAGE_STANDARD = gnu17;
				GCC_NO_COMMON_BLOCKS = YES;
				GCC_WARN_64_TO_32_BIT_CONVERSION = YES;
				GCC_WARN_ABOUT_RETURN_TYPE = YES_ERROR;
				GCC_WARN_UNDECLARED_SELECTOR = YES;
				GCC_WARN_UNINITIALIZED_AUTOS = YES_AGGRESSIVE;
				GCC_WARN_UNUSED_FUNCTION = YES;
				GCC_WARN_UNUSED_VARIABLE = YES;
				IPHONEOS_DEPLOYMENT_TARGET = 17.2;
				LOCALIZATION_PREFERS_STRING_CATALOGS = YES;
				MTL_ENABLE_DEBUG_INFO = NO;
				MTL_FAST_MATH = YES;
				SDKROOT = iphoneos;
				SWIFT_COMPILATION_MODE = wholemodule;
				VALIDATE_PRODUCT = YES;
			};
			name = Release;
		};
		FC1439872B906C4C006467D7 /* Debug */ = {
			isa = XCBuildConfiguration;
			buildSettings = {
				ASSETCATALOG_COMPILER_APPICON_NAME = AppIcon;
				ASSETCATALOG_COMPILER_GLOBAL_ACCENT_COLOR_NAME = AccentColor;
				CODE_SIGN_STYLE = Automatic;
				CURRENT_PROJECT_VERSION = 1;
				GENERATE_INFOPLIST_FILE = YES;
				INFOPLIST_FILE = HRApp/Info.plist;
				INFOPLIST_KEY_UIApplicationSupportsIndirectInputEvents = YES;
				INFOPLIST_KEY_UILaunchStoryboardName = LaunchScreen;
				INFOPLIST_KEY_UISupportedInterfaceOrientations_iPad = "UIInterfaceOrientationPortrait UIInterfaceOrientationPortraitUpsideDown UIInterfaceOrientationLandscapeLeft UIInterfaceOrientationLandscapeRight";
				INFOPLIST_KEY_UISupportedInterfaceOrientations_iPhone = "UIInterfaceOrientationPortrait UIInterfaceOrientationLandscapeLeft UIInterfaceOrientationLandscapeRight";
				LD_RUNPATH_SEARCH_PATHS = (
					"$(inherited)",
					"@executable_path/Frameworks",
				);
				MARKETING_VERSION = 1.0;
				PRODUCT_BUNDLE_IDENTIFIER = com.coded.HRApp;
				PRODUCT_NAME = "$(TARGET_NAME)";
				SUPPORTED_PLATFORMS = "iphoneos iphonesimulator";
				SUPPORTS_MACCATALYST = NO;
				SUPPORTS_MAC_DESIGNED_FOR_IPHONE_IPAD = NO;
				SUPPORTS_XR_DESIGNED_FOR_IPHONE_IPAD = NO;
				SWIFT_EMIT_LOC_STRINGS = YES;
				SWIFT_VERSION = 5.0;
				TARGETED_DEVICE_FAMILY = 1;
			};
			name = Debug;
		};
		FC1439882B906C4C006467D7 /* Release */ = {
			isa = XCBuildConfiguration;
			buildSettings = {
				ASSETCATALOG_COMPILER_APPICON_NAME = AppIcon;
				ASSETCATALOG_COMPILER_GLOBAL_ACCENT_COLOR_NAME = AccentColor;
				CODE_SIGN_STYLE = Automatic;
				CURRENT_PROJECT_VERSION = 1;
				GENERATE_INFOPLIST_FILE = YES;
				INFOPLIST_FILE = HRApp/Info.plist;
				INFOPLIST_KEY_UIApplicationSupportsIndirectInputEvents = YES;
				INFOPLIST_KEY_UILaunchStoryboardName = LaunchScreen;
				INFOPLIST_KEY_UISupportedInterfaceOrientations_iPad = "UIInterfaceOrientationPortrait UIInterfaceOrientationPortraitUpsideDown UIInterfaceOrientationLandscapeLeft UIInterfaceOrientationLandscapeRight";
				INFOPLIST_KEY_UISupportedInterfaceOrientations_iPhone = "UIInterfaceOrientationPortrait UIInterfaceOrientationLandscapeLeft UIInterfaceOrientationLandscapeRight";
				LD_RUNPATH_SEARCH_PATHS = (
					"$(inherited)",
					"@executable_path/Frameworks",
				);
				MARKETING_VERSION = 1.0;
				PRODUCT_BUNDLE_IDENTIFIER = com.coded.HRApp;
				PRODUCT_NAME = "$(TARGET_NAME)";
				SUPPORTED_PLATFORMS = "iphoneos iphonesimulator";
				SUPPORTS_MACCATALYST = NO;
				SUPPORTS_MAC_DESIGNED_FOR_IPHONE_IPAD = NO;
				SUPPORTS_XR_DESIGNED_FOR_IPHONE_IPAD = NO;
				SWIFT_EMIT_LOC_STRINGS = YES;
				SWIFT_VERSION = 5.0;
				TARGETED_DEVICE_FAMILY = 1;
			};
			name = Release;
		};
/* End XCBuildConfiguration section */

/* Begin XCConfigurationList section */
		FC14396D2B906C4B006467D7 /* Build configuration list for PBXProject "HRApp" */ = {
			isa = XCConfigurationList;
			buildConfigurations = (
				FC1439842B906C4C006467D7 /* Debug */,
				FC1439852B906C4C006467D7 /* Release */,
			);
			defaultConfigurationIsVisible = 0;
			defaultConfigurationName = Release;
		};
		FC1439862B906C4C006467D7 /* Build configuration list for PBXNativeTarget "HRApp" */ = {
			isa = XCConfigurationList;
			buildConfigurations = (
				FC1439872B906C4C006467D7 /* Debug */,
				FC1439882B906C4C006467D7 /* Release */,
			);
			defaultConfigurationIsVisible = 0;
			defaultConfigurationName = Release;
		};
/* End XCConfigurationList section */

/* Begin XCRemoteSwiftPackageReference section */
		FC1439892B90706E006467D7 /* XCRemoteSwiftPackageReference "SnapKit" */ = {
			isa = XCRemoteSwiftPackageReference;
			repositoryURL = "https://github.com/SnapKit/SnapKit.git";
			requirement = {
				kind = upToNextMajorVersion;
				minimumVersion = 5.7.1;
			};
		};
/* End XCRemoteSwiftPackageReference section */

/* Begin XCSwiftPackageProductDependency section */
		FC14398A2B90706E006467D7 /* SnapKit */ = {
			isa = XCSwiftPackageProductDependency;
			package = FC1439892B90706E006467D7 /* XCRemoteSwiftPackageReference "SnapKit" */;
			productName = SnapKit;
		};
		FC14398C2B90706E006467D7 /* SnapKit-Dynamic */ = {
			isa = XCSwiftPackageProductDependency;
			package = FC1439892B90706E006467D7 /* XCRemoteSwiftPackageReference "SnapKit" */;
			productName = "SnapKit-Dynamic";
		};
/* End XCSwiftPackageProductDependency section */
	};
	rootObject = FC14396A2B906C4B006467D7 /* Project object */;
}
